// !$*UTF8*$!
{
	archiveVersion = 1;
	classes = {
	};
	objectVersion = 50;
	objects = {

/* Begin PBXBuildFile section */
		C51FD7B3267B1964005F4F17 /* AppDelegate.swift in Sources */ = {isa = PBXBuildFile; fileRef = C51FD7B2267B1964005F4F17 /* AppDelegate.swift */; };
		C51FD7B5267B1964005F4F17 /* SceneDelegate.swift in Sources */ = {isa = PBXBuildFile; fileRef = C51FD7B4267B1964005F4F17 /* SceneDelegate.swift */; };
		C51FD7B7267B1964005F4F17 /* RedditListViewController.swift in Sources */ = {isa = PBXBuildFile; fileRef = C51FD7B6267B1964005F4F17 /* RedditListViewController.swift */; };
		C51FD7BA267B1964005F4F17 /* Main.storyboard in Resources */ = {isa = PBXBuildFile; fileRef = C51FD7B8267B1964005F4F17 /* Main.storyboard */; };
		C51FD7BC267B1966005F4F17 /* Assets.xcassets in Resources */ = {isa = PBXBuildFile; fileRef = C51FD7BB267B1966005F4F17 /* Assets.xcassets */; };
		C51FD7BF267B1966005F4F17 /* LaunchScreen.storyboard in Resources */ = {isa = PBXBuildFile; fileRef = C51FD7BD267B1966005F4F17 /* LaunchScreen.storyboard */; };
		C51FD7CA267B1966005F4F17 /* RedditListTests.swift in Sources */ = {isa = PBXBuildFile; fileRef = C51FD7C9267B1966005F4F17 /* RedditListTests.swift */; };
		C51FD7D8267B19D5005F4F17 /* Post.swift in Sources */ = {isa = PBXBuildFile; fileRef = C51FD7D7267B19D5005F4F17 /* Post.swift */; };
		C545EAD1267B1DFD00B60475 /* RedditListPresenter.swift in Sources */ = {isa = PBXBuildFile; fileRef = C545EAD0267B1DFD00B60475 /* RedditListPresenter.swift */; };
		C5937710267D75EA00F78EAE /* PostDiffableDataSource.swift in Sources */ = {isa = PBXBuildFile; fileRef = C593770F267D75EA00F78EAE /* PostDiffableDataSource.swift */; };
		C5937712267D95E600F78EAE /* ImageCache.swift in Sources */ = {isa = PBXBuildFile; fileRef = C5937711267D95E600F78EAE /* ImageCache.swift */; };
		C5CF51DC267B204C007E24B3 /* RedditListNetworker.swift in Sources */ = {isa = PBXBuildFile; fileRef = C5CF51DB267B204C007E24B3 /* RedditListNetworker.swift */; };
		C5CF51DF267B20C8007E24B3 /* RedditStorageHandler.swift in Sources */ = {isa = PBXBuildFile; fileRef = C5CF51DE267B20C8007E24B3 /* RedditStorageHandler.swift */; };
		C5CF51E1267B222E007E24B3 /* PostTableViewCell.swift in Sources */ = {isa = PBXBuildFile; fileRef = C5CF51E0267B222E007E24B3 /* PostTableViewCell.swift */; };
		C5CF51E3267B2246007E24B3 /* PostTableViewCell.xib in Resources */ = {isa = PBXBuildFile; fileRef = C5CF51E2267B2246007E24B3 /* PostTableViewCell.xib */; };
/* End PBXBuildFile section */

/* Begin PBXContainerItemProxy section */
		C51FD7C6267B1966005F4F17 /* PBXContainerItemProxy */ = {
			isa = PBXContainerItemProxy;
			containerPortal = C51FD7A7267B1964005F4F17 /* Project object */;
			proxyType = 1;
			remoteGlobalIDString = C51FD7AE267B1964005F4F17;
			remoteInfo = RedditList;
		};
/* End PBXContainerItemProxy section */

/* Begin PBXFileReference section */
		C51FD7AF267B1964005F4F17 /* RedditList.app */ = {isa = PBXFileReference; explicitFileType = wrapper.application; includeInIndex = 0; path = RedditList.app; sourceTree = BUILT_PRODUCTS_DIR; };
		C51FD7B2267B1964005F4F17 /* AppDelegate.swift */ = {isa = PBXFileReference; lastKnownFileType = sourcecode.swift; path = AppDelegate.swift; sourceTree = "<group>"; };
		C51FD7B4267B1964005F4F17 /* SceneDelegate.swift */ = {isa = PBXFileReference; lastKnownFileType = sourcecode.swift; path = SceneDelegate.swift; sourceTree = "<group>"; };
		C51FD7B6267B1964005F4F17 /* RedditListViewController.swift */ = {isa = PBXFileReference; lastKnownFileType = sourcecode.swift; path = RedditListViewController.swift; sourceTree = "<group>"; };
		C51FD7B9267B1964005F4F17 /* Base */ = {isa = PBXFileReference; lastKnownFileType = file.storyboard; name = Base; path = Base.lproj/Main.storyboard; sourceTree = "<group>"; };
		C51FD7BB267B1966005F4F17 /* Assets.xcassets */ = {isa = PBXFileReference; lastKnownFileType = folder.assetcatalog; path = Assets.xcassets; sourceTree = "<group>"; };
		C51FD7BE267B1966005F4F17 /* Base */ = {isa = PBXFileReference; lastKnownFileType = file.storyboard; name = Base; path = Base.lproj/LaunchScreen.storyboard; sourceTree = "<group>"; };
		C51FD7C0267B1966005F4F17 /* Info.plist */ = {isa = PBXFileReference; lastKnownFileType = text.plist.xml; path = Info.plist; sourceTree = "<group>"; };
		C51FD7C5267B1966005F4F17 /* RedditListTests.xctest */ = {isa = PBXFileReference; explicitFileType = wrapper.cfbundle; includeInIndex = 0; path = RedditListTests.xctest; sourceTree = BUILT_PRODUCTS_DIR; };
		C51FD7C9267B1966005F4F17 /* RedditListTests.swift */ = {isa = PBXFileReference; lastKnownFileType = sourcecode.swift; path = RedditListTests.swift; sourceTree = "<group>"; };
		C51FD7CB267B1966005F4F17 /* Info.plist */ = {isa = PBXFileReference; lastKnownFileType = text.plist.xml; path = Info.plist; sourceTree = "<group>"; };
		C51FD7D7267B19D5005F4F17 /* Post.swift */ = {isa = PBXFileReference; lastKnownFileType = sourcecode.swift; path = Post.swift; sourceTree = "<group>"; };
		C545EAD0267B1DFD00B60475 /* RedditListPresenter.swift */ = {isa = PBXFileReference; lastKnownFileType = sourcecode.swift; path = RedditListPresenter.swift; sourceTree = "<group>"; };
		C593770F267D75EA00F78EAE /* PostDiffableDataSource.swift */ = {isa = PBXFileReference; lastKnownFileType = sourcecode.swift; path = PostDiffableDataSource.swift; sourceTree = "<group>"; };
		C5937711267D95E600F78EAE /* ImageCache.swift */ = {isa = PBXFileReference; lastKnownFileType = sourcecode.swift; path = ImageCache.swift; sourceTree = "<group>"; };
		C5CF51DB267B204C007E24B3 /* RedditListNetworker.swift */ = {isa = PBXFileReference; lastKnownFileType = sourcecode.swift; path = RedditListNetworker.swift; sourceTree = "<group>"; };
		C5CF51DE267B20C8007E24B3 /* RedditStorageHandler.swift */ = {isa = PBXFileReference; lastKnownFileType = sourcecode.swift; path = RedditStorageHandler.swift; sourceTree = "<group>"; };
		C5CF51E0267B222E007E24B3 /* PostTableViewCell.swift */ = {isa = PBXFileReference; lastKnownFileType = sourcecode.swift; path = PostTableViewCell.swift; sourceTree = "<group>"; };
		C5CF51E2267B2246007E24B3 /* PostTableViewCell.xib */ = {isa = PBXFileReference; lastKnownFileType = file.xib; path = PostTableViewCell.xib; sourceTree = "<group>"; };
/* End PBXFileReference section */

/* Begin PBXFrameworksBuildPhase section */
		C51FD7AC267B1964005F4F17 /* Frameworks */ = {
			isa = PBXFrameworksBuildPhase;
			buildActionMask = 2147483647;
			files = (
			);
			runOnlyForDeploymentPostprocessing = 0;
		};
		C51FD7C2267B1966005F4F17 /* Frameworks */ = {
			isa = PBXFrameworksBuildPhase;
			buildActionMask = 2147483647;
			files = (
			);
			runOnlyForDeploymentPostprocessing = 0;
		};
/* End PBXFrameworksBuildPhase section */

/* Begin PBXGroup section */
		C51FD7A6267B1964005F4F17 = {
			isa = PBXGroup;
			children = (
				C51FD7B1267B1964005F4F17 /* RedditList */,
				C51FD7C8267B1966005F4F17 /* RedditListTests */,
				C51FD7B0267B1964005F4F17 /* Products */,
			);
			sourceTree = "<group>";
		};
		C51FD7B0267B1964005F4F17 /* Products */ = {
			isa = PBXGroup;
			children = (
				C51FD7AF267B1964005F4F17 /* RedditList.app */,
				C51FD7C5267B1966005F4F17 /* RedditListTests.xctest */,
			);
			name = Products;
			sourceTree = "<group>";
		};
		C51FD7B1267B1964005F4F17 /* RedditList */ = {
			isa = PBXGroup;
			children = (
				C51FD7D9267B19EB005F4F17 /* Source */,
				C51FD7B2267B1964005F4F17 /* AppDelegate.swift */,
				C51FD7B4267B1964005F4F17 /* SceneDelegate.swift */,
				C51FD7BB267B1966005F4F17 /* Assets.xcassets */,
				C51FD7BD267B1966005F4F17 /* LaunchScreen.storyboard */,
				C51FD7C0267B1966005F4F17 /* Info.plist */,
			);
			path = RedditList;
			sourceTree = "<group>";
		};
		C51FD7C8267B1966005F4F17 /* RedditListTests */ = {
			isa = PBXGroup;
			children = (
				C51FD7C9267B1966005F4F17 /* RedditListTests.swift */,
				C51FD7CB267B1966005F4F17 /* Info.plist */,
			);
			path = RedditListTests;
			sourceTree = "<group>";
		};
		C51FD7D4267B1971005F4F17 /* View */ = {
			isa = PBXGroup;
			children = (
				C51FD7B6267B1964005F4F17 /* RedditListViewController.swift */,
				C51FD7B8267B1964005F4F17 /* Main.storyboard */,
				C5CF51E0267B222E007E24B3 /* PostTableViewCell.swift */,
				C5CF51E2267B2246007E24B3 /* PostTableViewCell.xib */,
			);
			path = View;
			sourceTree = "<group>";
		};
		C51FD7D5267B197B005F4F17 /* Model */ = {
			isa = PBXGroup;
			children = (
				C51FD7D7267B19D5005F4F17 /* Post.swift */,
			);
			path = Model;
			sourceTree = "<group>";
		};
		C51FD7D6267B198D005F4F17 /* Presenter */ = {
			isa = PBXGroup;
			children = (
				C545EAD0267B1DFD00B60475 /* RedditListPresenter.swift */,
				C593770F267D75EA00F78EAE /* PostDiffableDataSource.swift */,
			);
			path = Presenter;
			sourceTree = "<group>";
		};
		C51FD7D9267B19EB005F4F17 /* Source */ = {
			isa = PBXGroup;
			children = (
				C51FD7DA267B19F6005F4F17 /* RedditList */,
			);
			path = Source;
			sourceTree = "<group>";
		};
		C51FD7DA267B19F6005F4F17 /* RedditList */ = {
			isa = PBXGroup;
			children = (
				C51FD7D5267B197B005F4F17 /* Model */,
				C51FD7D4267B1971005F4F17 /* View */,
				C51FD7D6267B198D005F4F17 /* Presenter */,
				C5CF51DA267B1F8A007E24B3 /* Networking */,
				C5CF51DD267B209A007E24B3 /* Storage */,
			);
			path = RedditList;
			sourceTree = "<group>";
		};
		C5CF51DA267B1F8A007E24B3 /* Networking */ = {
			isa = PBXGroup;
			children = (
				C5CF51DB267B204C007E24B3 /* RedditListNetworker.swift */,
			);
			path = Networking;
			sourceTree = "<group>";
		};
		C5CF51DD267B209A007E24B3 /* Storage */ = {
			isa = PBXGroup;
			children = (
				C5CF51DE267B20C8007E24B3 /* RedditStorageHandler.swift */,
				C5937711267D95E600F78EAE /* ImageCache.swift */,
			);
			path = Storage;
			sourceTree = "<group>";
		};
/* End PBXGroup section */

/* Begin PBXNativeTarget section */
		C51FD7AE267B1964005F4F17 /* RedditList */ = {
			isa = PBXNativeTarget;
			buildConfigurationList = C51FD7CE267B1966005F4F17 /* Build configuration list for PBXNativeTarget "RedditList" */;
			buildPhases = (
				C51FD7AB267B1964005F4F17 /* Sources */,
				C51FD7AC267B1964005F4F17 /* Frameworks */,
				C51FD7AD267B1964005F4F17 /* Resources */,
			);
			buildRules = (
			);
			dependencies = (
			);
			name = RedditList;
			productName = RedditList;
			productReference = C51FD7AF267B1964005F4F17 /* RedditList.app */;
			productType = "com.apple.product-type.application";
		};
		C51FD7C4267B1966005F4F17 /* RedditListTests */ = {
			isa = PBXNativeTarget;
			buildConfigurationList = C51FD7D1267B1966005F4F17 /* Build configuration list for PBXNativeTarget "RedditListTests" */;
			buildPhases = (
				C51FD7C1267B1966005F4F17 /* Sources */,
				C51FD7C2267B1966005F4F17 /* Frameworks */,
				C51FD7C3267B1966005F4F17 /* Resources */,
			);
			buildRules = (
			);
			dependencies = (
				C51FD7C7267B1966005F4F17 /* PBXTargetDependency */,
			);
			name = RedditListTests;
			productName = RedditListTests;
			productReference = C51FD7C5267B1966005F4F17 /* RedditListTests.xctest */;
			productType = "com.apple.product-type.bundle.unit-test";
		};
/* End PBXNativeTarget section */

/* Begin PBXProject section */
		C51FD7A7267B1964005F4F17 /* Project object */ = {
			isa = PBXProject;
			attributes = {
				LastSwiftUpdateCheck = 1130;
				LastUpgradeCheck = 1130;
				ORGANIZATIONNAME = Ricardo;
				TargetAttributes = {
					C51FD7AE267B1964005F4F17 = {
						CreatedOnToolsVersion = 11.3.1;
					};
					C51FD7C4267B1966005F4F17 = {
						CreatedOnToolsVersion = 11.3.1;
						TestTargetID = C51FD7AE267B1964005F4F17;
					};
				};
			};
			buildConfigurationList = C51FD7AA267B1964005F4F17 /* Build configuration list for PBXProject "RedditList" */;
			compatibilityVersion = "Xcode 9.3";
			developmentRegion = en;
			hasScannedForEncodings = 0;
			knownRegions = (
				en,
				Base,
			);
			mainGroup = C51FD7A6267B1964005F4F17;
			productRefGroup = C51FD7B0267B1964005F4F17 /* Products */;
			projectDirPath = "";
			projectRoot = "";
			targets = (
				C51FD7AE267B1964005F4F17 /* RedditList */,
				C51FD7C4267B1966005F4F17 /* RedditListTests */,
			);
		};
/* End PBXProject section */

/* Begin PBXResourcesBuildPhase section */
		C51FD7AD267B1964005F4F17 /* Resources */ = {
			isa = PBXResourcesBuildPhase;
			buildActionMask = 2147483647;
			files = (
				C51FD7BF267B1966005F4F17 /* LaunchScreen.storyboard in Resources */,
				C51FD7BC267B1966005F4F17 /* Assets.xcassets in Resources */,
				C51FD7BA267B1964005F4F17 /* Main.storyboard in Resources */,
				C5CF51E3267B2246007E24B3 /* PostTableViewCell.xib in Resources */,
			);
			runOnlyForDeploymentPostprocessing = 0;
		};
		C51FD7C3267B1966005F4F17 /* Resources */ = {
			isa = PBXResourcesBuildPhase;
			buildActionMask = 2147483647;
			files = (
			);
			runOnlyForDeploymentPostprocessing = 0;
		};
/* End PBXResourcesBuildPhase section */

/* Begin PBXSourcesBuildPhase section */
		C51FD7AB267B1964005F4F17 /* Sources */ = {
			isa = PBXSourcesBuildPhase;
			buildActionMask = 2147483647;
			files = (
				C5937712267D95E600F78EAE /* ImageCache.swift in Sources */,
				C51FD7B7267B1964005F4F17 /* RedditListViewController.swift in Sources */,
				C5CF51DF267B20C8007E24B3 /* RedditStorageHandler.swift in Sources */,
				C51FD7B3267B1964005F4F17 /* AppDelegate.swift in Sources */,
				C5937710267D75EA00F78EAE /* PostDiffableDataSource.swift in Sources */,
				C5CF51E1267B222E007E24B3 /* PostTableViewCell.swift in Sources */,
				C545EAD1267B1DFD00B60475 /* RedditListPresenter.swift in Sources */,
				C5CF51DC267B204C007E24B3 /* RedditListNetworker.swift in Sources */,
				C51FD7B5267B1964005F4F17 /* SceneDelegate.swift in Sources */,
				C51FD7D8267B19D5005F4F17 /* Post.swift in Sources */,
			);
			runOnlyForDeploymentPostprocessing = 0;
		};
		C51FD7C1267B1966005F4F17 /* Sources */ = {
			isa = PBXSourcesBuildPhase;
			buildActionMask = 2147483647;
			files = (
				C51FD7CA267B1966005F4F17 /* RedditListTests.swift in Sources */,
			);
			runOnlyForDeploymentPostprocessing = 0;
		};
/* End PBXSourcesBuildPhase section */

/* Begin PBXTargetDependency section */
		C51FD7C7267B1966005F4F17 /* PBXTargetDependency */ = {
			isa = PBXTargetDependency;
			target = C51FD7AE267B1964005F4F17 /* RedditList */;
			targetProxy = C51FD7C6267B1966005F4F17 /* PBXContainerItemProxy */;
		};
/* End PBXTargetDependency section */

/* Begin PBXVariantGroup section */
		C51FD7B8267B1964005F4F17 /* Main.storyboard */ = {
			isa = PBXVariantGroup;
			children = (
				C51FD7B9267B1964005F4F17 /* Base */,
			);
			name = Main.storyboard;
			sourceTree = "<group>";
		};
		C51FD7BD267B1966005F4F17 /* LaunchScreen.storyboard */ = {
			isa = PBXVariantGroup;
			children = (
				C51FD7BE267B1966005F4F17 /* Base */,
			);
			name = LaunchScreen.storyboard;
			sourceTree = "<group>";
		};
/* End PBXVariantGroup section */

/* Begin XCBuildConfiguration section */
		C51FD7CC267B1966005F4F17 /* Debug */ = {
			isa = XCBuildConfiguration;
			buildSettings = {
				ALWAYS_SEARCH_USER_PATHS = NO;
				CLANG_ANALYZER_NONNULL = YES;
				CLANG_ANALYZER_NUMBER_OBJECT_CONVERSION = YES_AGGRESSIVE;
				CLANG_CXX_LANGUAGE_STANDARD = "gnu++14";
				CLANG_CXX_LIBRARY = "libc++";
				CLANG_ENABLE_MODULES = YES;
				CLANG_ENABLE_OBJC_ARC = YES;
				CLANG_ENABLE_OBJC_WEAK = YES;
				CLANG_WARN_BLOCK_CAPTURE_AUTORELEASING = YES;
				CLANG_WARN_BOOL_CONVERSION = YES;
				CLANG_WARN_COMMA = YES;
				CLANG_WARN_CONSTANT_CONVERSION = YES;
				CLANG_WARN_DEPRECATED_OBJC_IMPLEMENTATIONS = YES;
				CLANG_WARN_DIRECT_OBJC_ISA_USAGE = YES_ERROR;
				CLANG_WARN_DOCUMENTATION_COMMENTS = YES;
				CLANG_WARN_EMPTY_BODY = YES;
				CLANG_WARN_ENUM_CONVERSION = YES;
				CLANG_WARN_INFINITE_RECURSION = YES;
				CLANG_WARN_INT_CONVERSION = YES;
				CLANG_WARN_NON_LITERAL_NULL_CONVERSION = YES;
				CLANG_WARN_OBJC_IMPLICIT_RETAIN_SELF = YES;
				CLANG_WARN_OBJC_LITERAL_CONVERSION = YES;
				CLANG_WARN_OBJC_ROOT_CLASS = YES_ERROR;
				CLANG_WARN_RANGE_LOOP_ANALYSIS = YES;
				CLANG_WARN_STRICT_PROTOTYPES = YES;
				CLANG_WARN_SUSPICIOUS_MOVE = YES;
				CLANG_WARN_UNGUARDED_AVAILABILITY = YES_AGGRESSIVE;
				CLANG_WARN_UNREACHABLE_CODE = YES;
				CLANG_WARN__DUPLICATE_METHOD_MATCH = YES;
				COPY_PHASE_STRIP = NO;
				DEBUG_INFORMATION_FORMAT = dwarf;
				ENABLE_STRICT_OBJC_MSGSEND = YES;
				ENABLE_TESTABILITY = YES;
				GCC_C_LANGUAGE_STANDARD = gnu11;
				GCC_DYNAMIC_NO_PIC = NO;
				GCC_NO_COMMON_BLOCKS = YES;
				GCC_OPTIMIZATION_LEVEL = 0;
				GCC_PREPROCESSOR_DEFINITIONS = (
					"DEBUG=1",
					"$(inherited)",
				);
				GCC_WARN_64_TO_32_BIT_CONVERSION = YES;
				GCC_WARN_ABOUT_RETURN_TYPE = YES_ERROR;
				GCC_WARN_UNDECLARED_SELECTOR = YES;
				GCC_WARN_UNINITIALIZED_AUTOS = YES_AGGRESSIVE;
				GCC_WARN_UNUSED_FUNCTION = YES;
				GCC_WARN_UNUSED_VARIABLE = YES;
				IPHONEOS_DEPLOYMENT_TARGET = 13.2;
				MTL_ENABLE_DEBUG_INFO = INCLUDE_SOURCE;
				MTL_FAST_MATH = YES;
				ONLY_ACTIVE_ARCH = YES;
				SDKROOT = iphoneos;
				SWIFT_ACTIVE_COMPILATION_CONDITIONS = DEBUG;
				SWIFT_OPTIMIZATION_LEVEL = "-Onone";
			};
			name = Debug;
		};
		C51FD7CD267B1966005F4F17 /* Release */ = {
			isa = XCBuildConfiguration;
			buildSettings = {
				ALWAYS_SEARCH_USER_PATHS = NO;
				CLANG_ANALYZER_NONNULL = YES;
				CLANG_ANALYZER_NUMBER_OBJECT_CONVERSION = YES_AGGRESSIVE;
				CLANG_CXX_LANGUAGE_STANDARD = "gnu++14";
				CLANG_CXX_LIBRARY = "libc++";
				CLANG_ENABLE_MODULES = YES;
				CLANG_ENABLE_OBJC_ARC = YES;
				CLANG_ENABLE_OBJC_WEAK = YES;
				CLANG_WARN_BLOCK_CAPTURE_AUTORELEASING = YES;
				CLANG_WARN_BOOL_CONVERSION = YES;
				CLANG_WARN_COMMA = YES;
				CLANG_WARN_CONSTANT_CONVERSION = YES;
				CLANG_WARN_DEPRECATED_OBJC_IMPLEMENTATIONS = YES;
				CLANG_WARN_DIRECT_OBJC_ISA_USAGE = YES_ERROR;
				CLANG_WARN_DOCUMENTATION_COMMENTS = YES;
				CLANG_WARN_EMPTY_BODY = YES;
				CLANG_WARN_ENUM_CONVERSION = YES;
				CLANG_WARN_INFINITE_RECURSION = YES;
				CLANG_WARN_INT_CONVERSION = YES;
				CLANG_WARN_NON_LITERAL_NULL_CONVERSION = YES;
				CLANG_WARN_OBJC_IMPLICIT_RETAIN_SELF = YES;
				CLANG_WARN_OBJC_LITERAL_CONVERSION = YES;
				CLANG_WARN_OBJC_ROOT_CLASS = YES_ERROR;
				CLANG_WARN_RANGE_LOOP_ANALYSIS = YES;
				CLANG_WARN_STRICT_PROTOTYPES = YES;
				CLANG_WARN_SUSPICIOUS_MOVE = YES;
				CLANG_WARN_UNGUARDED_AVAILABILITY = YES_AGGRESSIVE;
				CLANG_WARN_UNREACHABLE_CODE = YES;
				CLANG_WARN__DUPLICATE_METHOD_MATCH = YES;
				COPY_PHASE_STRIP = NO;
				DEBUG_INFORMATION_FORMAT = "dwarf-with-dsym";
				ENABLE_NS_ASSERTIONS = NO;
				ENABLE_STRICT_OBJC_MSGSEND = YES;
				GCC_C_LANGUAGE_STANDARD = gnu11;
				GCC_NO_COMMON_BLOCKS = YES;
				GCC_WARN_64_TO_32_BIT_CONVERSION = YES;
				GCC_WARN_ABOUT_RETURN_TYPE = YES_ERROR;
				GCC_WARN_UNDECLARED_SELECTOR = YES;
				GCC_WARN_UNINITIALIZED_AUTOS = YES_AGGRESSIVE;
				GCC_WARN_UNUSED_FUNCTION = YES;
				GCC_WARN_UNUSED_VARIABLE = YES;
				IPHONEOS_DEPLOYMENT_TARGET = 13.2;
				MTL_ENABLE_DEBUG_INFO = NO;
				MTL_FAST_MATH = YES;
				SDKROOT = iphoneos;
				SWIFT_COMPILATION_MODE = wholemodule;
				SWIFT_OPTIMIZATION_LEVEL = "-O";
				VALIDATE_PRODUCT = YES;
			};
			name = Release;
		};
		C51FD7CF267B1966005F4F17 /* Debug */ = {
			isa = XCBuildConfiguration;
			buildSettings = {
				ASSETCATALOG_COMPILER_APPICON_NAME = AppIcon;
				CODE_SIGN_STYLE = Automatic;
				DEVELOPMENT_TEAM = Z64GBT5WYN;
				INFOPLIST_FILE = RedditList/Info.plist;
				LD_RUNPATH_SEARCH_PATHS = (
					"$(inherited)",
					"@executable_path/Frameworks",
				);
				PRODUCT_BUNDLE_IDENTIFIER = com.ricardo.reddit.RedditList;
				PRODUCT_NAME = "$(TARGET_NAME)";
				SWIFT_VERSION = 5.0;
				TARGETED_DEVICE_FAMILY = "1,2";
			};
			name = Debug;
		};
		C51FD7D0267B1966005F4F17 /* Release */ = {
			isa = XCBuildConfiguration;
			buildSettings = {
				ASSETCATALOG_COMPILER_APPICON_NAME = AppIcon;
				CODE_SIGN_STYLE = Automatic;
				DEVELOPMENT_TEAM = Z64GBT5WYN;
				INFOPLIST_FILE = RedditList/Info.plist;
				LD_RUNPATH_SEARCH_PATHS = (
					"$(inherited)",
					"@executable_path/Frameworks",
				);
				PRODUCT_BUNDLE_IDENTIFIER = com.ricardo.reddit.RedditList;
				PRODUCT_NAME = "$(TARGET_NAME)";
				SWIFT_VERSION = 5.0;
				TARGETED_DEVICE_FAMILY = "1,2";
			};
			name = Release;
		};
		C51FD7D2267B1966005F4F17 /* Debug */ = {
			isa = XCBuildConfiguration;
			buildSettings = {
				ALWAYS_EMBED_SWIFT_STANDARD_LIBRARIES = YES;
				BUNDLE_LOADER = "$(TEST_HOST)";
				CODE_SIGN_STYLE = Automatic;
				DEVELOPMENT_TEAM = Z64GBT5WYN;
				INFOPLIST_FILE = RedditListTests/Info.plist;
				IPHONEOS_DEPLOYMENT_TARGET = 13.2;
				LD_RUNPATH_SEARCH_PATHS = (
					"$(inherited)",
					"@executable_path/Frameworks",
					"@loader_path/Frameworks",
				);
				PRODUCT_BUNDLE_IDENTIFIER = com.ricardo.reddit.RedditListTests;
				PRODUCT_NAME = "$(TARGET_NAME)";
				SWIFT_VERSION = 5.0;
				TARGETED_DEVICE_FAMILY = "1,2";
				TEST_HOST = "$(BUILT_PRODUCTS_DIR)/RedditList.app/RedditList";
			};
			name = Debug;
		};
		C51FD7D3267B1966005F4F17 /* Release */ = {
			isa = XCBuildConfiguration;
			buildSettings = {
				ALWAYS_EMBED_SWIFT_STANDARD_LIBRARIES = YES;
				BUNDLE_LOADER = "$(TEST_HOST)";
				CODE_SIGN_STYLE = Automatic;
				DEVELOPMENT_TEAM = Z64GBT5WYN;
				INFOPLIST_FILE = RedditListTests/Info.plist;
				IPHONEOS_DEPLOYMENT_TARGET = 13.2;
				LD_RUNPATH_SEARCH_PATHS = (
					"$(inherited)",
					"@executable_path/Frameworks",
					"@loader_path/Frameworks",
				);
				PRODUCT_BUNDLE_IDENTIFIER = com.ricardo.reddit.RedditListTests;
				PRODUCT_NAME = "$(TARGET_NAME)";
				SWIFT_VERSION = 5.0;
				TARGETED_DEVICE_FAMILY = "1,2";
				TEST_HOST = "$(BUILT_PRODUCTS_DIR)/RedditList.app/RedditList";
			};
			name = Release;
		};
/* End XCBuildConfiguration section */

/* Begin XCConfigurationList section */
		C51FD7AA267B1964005F4F17 /* Build configuration list for PBXProject "RedditList" */ = {
			isa = XCConfigurationList;
			buildConfigurations = (
				C51FD7CC267B1966005F4F17 /* Debug */,
				C51FD7CD267B1966005F4F17 /* Release */,
			);
			defaultConfigurationIsVisible = 0;
			defaultConfigurationName = Release;
		};
		C51FD7CE267B1966005F4F17 /* Build configuration list for PBXNativeTarget "RedditList" */ = {
			isa = XCConfigurationList;
			buildConfigurations = (
				C51FD7CF267B1966005F4F17 /* Debug */,
				C51FD7D0267B1966005F4F17 /* Release */,
			);
			defaultConfigurationIsVisible = 0;
			defaultConfigurationName = Release;
		};
		C51FD7D1267B1966005F4F17 /* Build configuration list for PBXNativeTarget "RedditListTests" */ = {
			isa = XCConfigurationList;
			buildConfigurations = (
				C51FD7D2267B1966005F4F17 /* Debug */,
				C51FD7D3267B1966005F4F17 /* Release */,
			);
			defaultConfigurationIsVisible = 0;
			defaultConfigurationName = Release;
		};
/* End XCConfigurationList section */
	};
	rootObject = C51FD7A7267B1964005F4F17 /* Project object */;
}
